
Microsoft Visual Studio Solution File, Format Version 12.00
# Visual Studio 15
Project("{FAE04EC0-301F-11D3-BF4B-00C04F79EFBC}") = "Fungus", "Fungus.csproj", "{D1479E51-1D88-C9CD-0C88-34B591D63AF5}"
EndProject
Project("{FAE04EC0-301F-11D3-BF4B-00C04F79EFBC}") = "FungusExamples", "FungusExamples.csproj", "{A6D6BC96-DA88-73A2-C83D-5267A9407556}"
EndProject
Project("{FAE04EC0-301F-11D3-BF4B-00C04F79EFBC}") = "Assembly-CSharp", "Assembly-CSharp.csproj", "{568BC0FE-1DFC-3CB8-E29B-C9DABBA158FB}"
EndProject
Project("{FAE04EC0-301F-11D3-BF4B-00C04F79EFBC}") = "FungusPlayModeTests", "FungusPlayModeTests.csproj", "{2EF70635-942B-B770-EAF3-F18BA269941A}"
EndProject
Project("{FAE04EC0-301F-11D3-BF4B-00C04F79EFBC}") = "FungusEditor", "FungusEditor.csproj", "{1CC715EE-ACF7-066E-26E0-BC2ECBBB784E}"
EndProject
Project("{FAE04EC0-301F-11D3-BF4B-00C04F79EFBC}") = "FungusEditorTests", "FungusEditorTests.csproj", "{0A325B90-8C8F-8916-191C-D23841F8EB50}"
EndProject
Project("{FAE04EC0-301F-11D3-BF4B-00C04F79EFBC}") = "Fungus.FungusLuaEditor", "Fungus.FungusLuaEditor.csproj", "{0222D169-146D-5525-5509-E56305DECAE8}"
EndProject
Project("{FAE04EC0-301F-11D3-BF4B-00C04F79EFBC}") = "Fungus.LineEndingsEditor", "Fungus.LineEndingsEditor.csproj", "{C3A9DDA0-6FBA-F424-3AC4-9B69F39C00F1}"
EndProject
Project("{FAE04EC0-301F-11D3-BF4B-00C04F79EFBC}") = "Fungus.FungusLuaJSONCheckerEditor", "Fungus.FungusLuaJSONCheckerEditor.csproj", "{736EEE51-78E6-3222-0A7A-91769B0E98CC}"
EndProject
Project("{FAE04EC0-301F-11D3-BF4B-00C04F79EFBC}") = "Fungus.UsfxrEditor", "Fungus.UsfxrEditor.csproj", "{E1FA0E2B-6979-32EE-F715-1F2DB3BD4247}"
EndProject
Global
	GlobalSection(SolutionConfigurationPlatforms) = preSolution
		Debug|Any CPU = Debug|Any CPU
		Release|Any CPU = Release|Any CPU
	EndGlobalSection
	GlobalSection(ProjectConfigurationPlatforms) = postSolution
		{D1479E51-1D88-C9CD-0C88-34B591D63AF5}.Debug|Any CPU.ActiveCfg = Debug|Any CPU
		{D1479E51-1D88-C9CD-0C88-34B591D63AF5}.Debug|Any CPU.Build.0 = Debug|Any CPU
		{D1479E51-1D88-C9CD-0C88-34B591D63AF5}.Release|Any CPU.ActiveCfg = Release|Any CPU
		{D1479E51-1D88-C9CD-0C88-34B591D63AF5}.Release|Any CPU.Build.0 = Release|Any CPU
		{A6D6BC96-DA88-73A2-C83D-5267A9407556}.Debug|Any CPU.ActiveCfg = Debug|Any CPU
		{A6D6BC96-DA88-73A2-C83D-5267A9407556}.Debug|Any CPU.Build.0 = Debug|Any CPU
		{A6D6BC96-DA88-73A2-C83D-5267A9407556}.Release|Any CPU.ActiveCfg = Release|Any CPU
		{A6D6BC96-DA88-73A2-C83D-5267A9407556}.Release|Any CPU.Build.0 = Release|Any CPU
		{568BC0FE-1DFC-3CB8-E29B-C9DABBA158FB}.Debug|Any CPU.ActiveCfg = Debug|Any CPU
		{568BC0FE-1DFC-3CB8-E29B-C9DABBA158FB}.Debug|Any CPU.Build.0 = Debug|Any CPU
		{568BC0FE-1DFC-3CB8-E29B-C9DABBA158FB}.Release|Any CPU.ActiveCfg = Release|Any CPU
		{568BC0FE-1DFC-3CB8-E29B-C9DABBA158FB}.Release|Any CPU.Build.0 = Release|Any CPU
		{2EF70635-942B-B770-EAF3-F18BA269941A}.Debug|Any CPU.ActiveCfg = Debug|Any CPU
		{2EF70635-942B-B770-EAF3-F18BA269941A}.Debug|Any CPU.Build.0 = Debug|Any CPU
		{2EF70635-942B-B770-EAF3-F18BA269941A}.Release|Any CPU.ActiveCfg = Release|Any CPU
		{2EF70635-942B-B770-EAF3-F18BA269941A}.Release|Any CPU.Build.0 = Release|Any CPU
		{1CC715EE-ACF7-066E-26E0-BC2ECBBB784E}.Debug|Any CPU.ActiveCfg = Debug|Any CPU
		{1CC715EE-ACF7-066E-26E0-BC2ECBBB784E}.Debug|Any CPU.Build.0 = Debug|Any CPU
		{1CC715EE-ACF7-066E-26E0-BC2ECBBB784E}.Release|Any CPU.ActiveCfg = Release|Any CPU
		{1CC715EE-ACF7-066E-26E0-BC2ECBBB784E}.Release|Any CPU.Build.0 = Release|Any CPU
		{0A325B90-8C8F-8916-191C-D23841F8EB50}.Debug|Any CPU.ActiveCfg = Debug|Any CPU
		{0A325B90-8C8F-8916-191C-D23841F8EB50}.Debug|Any CPU.Build.0 = Debug|Any CPU
		{0A325B90-8C8F-8916-191C-D23841F8EB50}.Release|Any CPU.ActiveCfg = Release|Any CPU
		{0A325B90-8C8F-8916-191C-D23841F8EB50}.Release|Any CPU.Build.0 = Release|Any CPU
		{0222D169-146D-5525-5509-E56305DECAE8}.Debug|Any CPU.ActiveCfg = Debug|Any CPU
		{0222D169-146D-5525-5509-E56305DECAE8}.Debug|Any CPU.Build.0 = Debug|Any CPU
		{0222D169-146D-5525-5509-E56305DECAE8}.Release|Any CPU.ActiveCfg = Release|Any CPU
		{0222D169-146D-5525-5509-E56305DECAE8}.Release|Any CPU.Build.0 = Release|Any CPU
		{C3A9DDA0-6FBA-F424-3AC4-9B69F39C00F1}.Debug|Any CPU.ActiveCfg = Debug|Any CPU
		{C3A9DDA0-6FBA-F424-3AC4-9B69F39C00F1}.Debug|Any CPU.Build.0 = Debug|Any CPU
		{C3A9DDA0-6FBA-F424-3AC4-9B69F39C00F1}.Release|Any CPU.ActiveCfg = Release|Any CPU
		{C3A9DDA0-6FBA-F424-3AC4-9B69F39C00F1}.Release|Any CPU.Build.0 = Release|Any CPU
		{736EEE51-78E6-3222-0A7A-91769B0E98CC}.Debug|Any CPU.ActiveCfg = Debug|Any CPU
		{736EEE51-78E6-3222-0A7A-91769B0E98CC}.Debug|Any CPU.Build.0 = Debug|Any CPU
		{736EEE51-78E6-3222-0A7A-91769B0E98CC}.Release|Any CPU.ActiveCfg = Release|Any CPU
		{736EEE51-78E6-3222-0A7A-91769B0E98CC}.Release|Any CPU.Build.0 = Release|Any CPU
		{E1FA0E2B-6979-32EE-F715-1F2DB3BD4247}.Debug|Any CPU.ActiveCfg = Debug|Any CPU
		{E1FA0E2B-6979-32EE-F715-1F2DB3BD4247}.Debug|Any CPU.Build.0 = Debug|Any CPU
		{E1FA0E2B-6979-32EE-F715-1F2DB3BD4247}.Release|Any CPU.ActiveCfg = Release|Any CPU
		{E1FA0E2B-6979-32EE-F715-1F2DB3BD4247}.Release|Any CPU.Build.0 = Release|Any CPU
	EndGlobalSection
	GlobalSection(SolutionProperties) = preSolution
		HideSolutionNode = FALSE
	EndGlobalSection
EndGlobal
