
Microsoft Visual Studio Solution File, Format Version 12.00
# Visual Studio 15
Project("{FAE04EC0-301F-11D3-BF4B-00C04F79EFBC}") = "Fungus", "Fungus.csproj", "{BFB4F28D-70B5-E4A4-8F35-02727B65AD13}"
EndProject
Project("{FAE04EC0-301F-11D3-BF4B-00C04F79EFBC}") = "FungusExamples", "FungusExamples.csproj", "{A87EBE1A-ECA6-FD48-EDE8-A373935D924D}"
EndProject
Project("{FAE04EC0-301F-11D3-BF4B-00C04F79EFBC}") = "Assembly-CSharp", "Assembly-CSharp.csproj", "{BCE8F56C-D6BE-72A6-1228-280C193B38F5}"
EndProject
Project("{FAE04EC0-301F-11D3-BF4B-00C04F79EFBC}") = "FungusPlayModeTests", "FungusPlayModeTests.csproj", "{68225A56-397C-2766-9815-2F58352BDBD2}"
EndProject
Project("{FAE04EC0-301F-11D3-BF4B-00C04F79EFBC}") = "FungusEditor", "FungusEditor.csproj", "{1FDE40A1-DBAE-E8C8-7C6C-12ECFBB21727}"
EndProject
Project("{FAE04EC0-301F-11D3-BF4B-00C04F79EFBC}") = "FungusEditorTests", "FungusEditorTests.csproj", "{1EF2FAEA-68E5-E45B-1EDB-F42CD7571349}"
EndProject
Project("{FAE04EC0-301F-11D3-BF4B-00C04F79EFBC}") = "Fungus.FungusLuaEditor", "Fungus.FungusLuaEditor.csproj", "{66EBB249-AE6E-1B00-6F0C-15C07710BA9B}"
EndProject
Project("{FAE04EC0-301F-11D3-BF4B-00C04F79EFBC}") = "Fungus.LineEndingsEditor", "Fungus.LineEndingsEditor.csproj", "{69D109F5-DF9D-EDF7-CB8D-C62038408FAE}"
EndProject
Project("{FAE04EC0-301F-11D3-BF4B-00C04F79EFBC}") = "Fungus.FungusLuaJSONCheckerEditor", "Fungus.FungusLuaJSONCheckerEditor.csproj", "{2A7EE885-1BF4-EB9C-32E3-D0A58A99452D}"
EndProject
Project("{FAE04EC0-301F-11D3-BF4B-00C04F79EFBC}") = "Fungus.UsfxrEditor", "Fungus.UsfxrEditor.csproj", "{ABD93F40-FF40-0CEB-77B3-67C82393C5B7}"
EndProject
Global
	GlobalSection(SolutionConfigurationPlatforms) = preSolution
		Debug|Any CPU = Debug|Any CPU
		Release|Any CPU = Release|Any CPU
	EndGlobalSection
	GlobalSection(ProjectConfigurationPlatforms) = postSolution
		{BFB4F28D-70B5-E4A4-8F35-02727B65AD13}.Debug|Any CPU.ActiveCfg = Debug|Any CPU
		{BFB4F28D-70B5-E4A4-8F35-02727B65AD13}.Debug|Any CPU.Build.0 = Debug|Any CPU
		{BFB4F28D-70B5-E4A4-8F35-02727B65AD13}.Release|Any CPU.ActiveCfg = Release|Any CPU
		{BFB4F28D-70B5-E4A4-8F35-02727B65AD13}.Release|Any CPU.Build.0 = Release|Any CPU
		{A87EBE1A-ECA6-FD48-EDE8-A373935D924D}.Debug|Any CPU.ActiveCfg = Debug|Any CPU
		{A87EBE1A-ECA6-FD48-EDE8-A373935D924D}.Debug|Any CPU.Build.0 = Debug|Any CPU
		{A87EBE1A-ECA6-FD48-EDE8-A373935D924D}.Release|Any CPU.ActiveCfg = Release|Any CPU
		{A87EBE1A-ECA6-FD48-EDE8-A373935D924D}.Release|Any CPU.Build.0 = Release|Any CPU
		{BCE8F56C-D6BE-72A6-1228-280C193B38F5}.Debug|Any CPU.ActiveCfg = Debug|Any CPU
		{BCE8F56C-D6BE-72A6-1228-280C193B38F5}.Debug|Any CPU.Build.0 = Debug|Any CPU
		{BCE8F56C-D6BE-72A6-1228-280C193B38F5}.Release|Any CPU.ActiveCfg = Release|Any CPU
		{BCE8F56C-D6BE-72A6-1228-280C193B38F5}.Release|Any CPU.Build.0 = Release|Any CPU
		{68225A56-397C-2766-9815-2F58352BDBD2}.Debug|Any CPU.ActiveCfg = Debug|Any CPU
		{68225A56-397C-2766-9815-2F58352BDBD2}.Debug|Any CPU.Build.0 = Debug|Any CPU
		{68225A56-397C-2766-9815-2F58352BDBD2}.Release|Any CPU.ActiveCfg = Release|Any CPU
		{68225A56-397C-2766-9815-2F58352BDBD2}.Release|Any CPU.Build.0 = Release|Any CPU
		{1FDE40A1-DBAE-E8C8-7C6C-12ECFBB21727}.Debug|Any CPU.ActiveCfg = Debug|Any CPU
		{1FDE40A1-DBAE-E8C8-7C6C-12ECFBB21727}.Debug|Any CPU.Build.0 = Debug|Any CPU
		{1FDE40A1-DBAE-E8C8-7C6C-12ECFBB21727}.Release|Any CPU.ActiveCfg = Release|Any CPU
		{1FDE40A1-DBAE-E8C8-7C6C-12ECFBB21727}.Release|Any CPU.Build.0 = Release|Any CPU
		{1EF2FAEA-68E5-E45B-1EDB-F42CD7571349}.Debug|Any CPU.ActiveCfg = Debug|Any CPU
		{1EF2FAEA-68E5-E45B-1EDB-F42CD7571349}.Debug|Any CPU.Build.0 = Debug|Any CPU
		{1EF2FAEA-68E5-E45B-1EDB-F42CD7571349}.Release|Any CPU.ActiveCfg = Release|Any CPU
		{1EF2FAEA-68E5-E45B-1EDB-F42CD7571349}.Release|Any CPU.Build.0 = Release|Any CPU
		{66EBB249-AE6E-1B00-6F0C-15C07710BA9B}.Debug|Any CPU.ActiveCfg = Debug|Any CPU
		{66EBB249-AE6E-1B00-6F0C-15C07710BA9B}.Debug|Any CPU.Build.0 = Debug|Any CPU
		{66EBB249-AE6E-1B00-6F0C-15C07710BA9B}.Release|Any CPU.ActiveCfg = Release|Any CPU
		{66EBB249-AE6E-1B00-6F0C-15C07710BA9B}.Release|Any CPU.Build.0 = Release|Any CPU
		{69D109F5-DF9D-EDF7-CB8D-C62038408FAE}.Debug|Any CPU.ActiveCfg = Debug|Any CPU
		{69D109F5-DF9D-EDF7-CB8D-C62038408FAE}.Debug|Any CPU.Build.0 = Debug|Any CPU
		{69D109F5-DF9D-EDF7-CB8D-C62038408FAE}.Release|Any CPU.ActiveCfg = Release|Any CPU
		{69D109F5-DF9D-EDF7-CB8D-C62038408FAE}.Release|Any CPU.Build.0 = Release|Any CPU
		{2A7EE885-1BF4-EB9C-32E3-D0A58A99452D}.Debug|Any CPU.ActiveCfg = Debug|Any CPU
		{2A7EE885-1BF4-EB9C-32E3-D0A58A99452D}.Debug|Any CPU.Build.0 = Debug|Any CPU
		{2A7EE885-1BF4-EB9C-32E3-D0A58A99452D}.Release|Any CPU.ActiveCfg = Release|Any CPU
		{2A7EE885-1BF4-EB9C-32E3-D0A58A99452D}.Release|Any CPU.Build.0 = Release|Any CPU
		{ABD93F40-FF40-0CEB-77B3-67C82393C5B7}.Debug|Any CPU.ActiveCfg = Debug|Any CPU
		{ABD93F40-FF40-0CEB-77B3-67C82393C5B7}.Debug|Any CPU.Build.0 = Debug|Any CPU
		{ABD93F40-FF40-0CEB-77B3-67C82393C5B7}.Release|Any CPU.ActiveCfg = Release|Any CPU
		{ABD93F40-FF40-0CEB-77B3-67C82393C5B7}.Release|Any CPU.Build.0 = Release|Any CPU
	EndGlobalSection
	GlobalSection(SolutionProperties) = preSolution
		HideSolutionNode = FALSE
	EndGlobalSection
EndGlobal
